
Microsoft Visual Studio Solution File, Format Version 12.00
# Visual Studio 2013
VisualStudioVersion = 12.0.31101.0
MinimumVisualStudioVersion = 10.0.40219.1
Project("{FAE04EC0-301F-11D3-BF4B-00C04F79EFBC}") = "Probasem.ODataBackend", "ODataBackend/Probasem.ODataBackend.csproj", "{0D587AE2-7E01-44C1-81FA-4A3A09EB2AC1}"
EndProject
Project("{FAE04EC0-301F-11D3-BF4B-00C04F79EFBC}") = "Probasem.Objects", "Objects/Probasem.Objects.csproj", "{0FFF94D0-BE69-4A09-8AA0-831B9FD3DADF}"
EndProject
Global
	GlobalSection(SolutionConfigurationPlatforms) = preSolution
Debug|Any CPU = Debug|Any CPU
Release|Any CPU = Release|Any CPU
	EndGlobalSection
	GlobalSection(ProjectConfigurationPlatforms) = postSolution
		{0D587AE2-7E01-44C1-81FA-4A3A09EB2AC1}.Debug|Any CPU.ActiveCfg = Debug|Any CPU
		{0D587AE2-7E01-44C1-81FA-4A3A09EB2AC1}.Debug|Any CPU.Build.0 = Debug|Any CPU
		{0D587AE2-7E01-44C1-81FA-4A3A09EB2AC1}.Release|Any CPU.ActiveCfg = Release|Any CPU
		{0D587AE2-7E01-44C1-81FA-4A3A09EB2AC1}.Release|Any CPU.Build.0 = Release|Any CPU
		{0FFF94D0-BE69-4A09-8AA0-831B9FD3DADF}.Debug|Any CPU.ActiveCfg = Debug|Any CPU
		{0FFF94D0-BE69-4A09-8AA0-831B9FD3DADF}.Debug|Any CPU.Build.0 = Debug|Any CPU
		{0FFF94D0-BE69-4A09-8AA0-831B9FD3DADF}.Release|Any CPU.ActiveCfg = Release|Any CPU
		{0FFF94D0-BE69-4A09-8AA0-831B9FD3DADF}.Release|Any CPU.Build.0 = Release|Any CPU
	EndGlobalSection
	GlobalSection(SolutionProperties) = preSolution
		HideSolutionNode = FALSE
	EndGlobalSection
EndGlobal
